
Microsoft Visual Studio Solution File, Format Version 12.00
# Visual Studio 2012
Project("{FAE04EC0-301F-11D3-BF4B-00C04F79EFBC}") = "Int_To_Binary_Reverse", "Int_To_Binary_Reverse\Int_To_Binary_Reverse.csproj", "{7F673C79-4F68-439E-A694-284FF5CE91AD}"
EndProject
Global
	GlobalSection(SolutionConfigurationPlatforms) = preSolution
		Debug|x86 = Debug|x86
		Release|x86 = Release|x86
	EndGlobalSection
	GlobalSection(ProjectConfigurationPlatforms) = postSolution
		{7F673C79-4F68-439E-A694-284FF5CE91AD}.Debug|x86.ActiveCfg = Debug|x86
		{7F673C79-4F68-439E-A694-284FF5CE91AD}.Debug|x86.Build.0 = Debug|x86
		{7F673C79-4F68-439E-A694-284FF5CE91AD}.Release|x86.ActiveCfg = Release|x86
		{7F673C79-4F68-439E-A694-284FF5CE91AD}.Release|x86.Build.0 = Release|x86
	EndGlobalSection
EndGlobal
